
Microsoft Visual Studio Solution File, Format Version 12.00
# Visual Studio Version 16
VisualStudioVersion = 16.0.29409.12
MinimumVisualStudioVersion = 10.0.40219.1
Project("{FAE04EC0-301F-11D3-BF4B-00C04F79EFBC}") = "BlueNetScanner.Android", "BlueNetScanner\BlueNetScanner.Android\BlueNetScanner.Android.csproj", "{14B19393-C9FF-4576-AEB5-3018497A352F}"
EndProject
Project("{FAE04EC0-301F-11D3-BF4B-00C04F79EFBC}") = "BlueNetScanner.iOS", "BlueNetScanner\BlueNetScanner.iOS\BlueNetScanner.iOS.csproj", "{6829B5C2-63FE-478E-9A92-9AA9A1FC2F6A}"
EndProject
Project("{FAE04EC0-301F-11D3-BF4B-00C04F79EFBC}") = "BlueNetScanner", "BlueNetScanner\BlueNetScanner\BlueNetScanner.csproj", "{2A60DC4D-E815-4B76-BF9C-0ED6EFD001C2}"
EndProject
Global
	GlobalSection(SolutionConfigurationPlatforms) = preSolution
		Debug|Any CPU = Debug|Any CPU
		Debug|iPhone = Debug|iPhone
		Debug|iPhoneSimulator = Debug|iPhoneSimulator
		Release|Any CPU = Release|Any CPU
		Release|iPhone = Release|iPhone
		Release|iPhoneSimulator = Release|iPhoneSimulator
	EndGlobalSection
	GlobalSection(ProjectConfigurationPlatforms) = postSolution
		{14B19393-C9FF-4576-AEB5-3018497A352F}.Debug|Any CPU.ActiveCfg = Debug|Any CPU
		{14B19393-C9FF-4576-AEB5-3018497A352F}.Debug|Any CPU.Build.0 = Debug|Any CPU
		{14B19393-C9FF-4576-AEB5-3018497A352F}.Debug|Any CPU.Deploy.0 = Debug|Any CPU
		{14B19393-C9FF-4576-AEB5-3018497A352F}.Debug|iPhone.ActiveCfg = Debug|Any CPU
		{14B19393-C9FF-4576-AEB5-3018497A352F}.Debug|iPhone.Build.0 = Debug|Any CPU
		{14B19393-C9FF-4576-AEB5-3018497A352F}.Debug|iPhone.Deploy.0 = Debug|Any CPU
		{14B19393-C9FF-4576-AEB5-3018497A352F}.Debug|iPhoneSimulator.ActiveCfg = Debug|Any CPU
		{14B19393-C9FF-4576-AEB5-3018497A352F}.Debug|iPhoneSimulator.Build.0 = Debug|Any CPU
		{14B19393-C9FF-4576-AEB5-3018497A352F}.Debug|iPhoneSimulator.Deploy.0 = Debug|Any CPU
		{14B19393-C9FF-4576-AEB5-3018497A352F}.Release|Any CPU.ActiveCfg = Release|Any CPU
		{14B19393-C9FF-4576-AEB5-3018497A352F}.Release|Any CPU.Build.0 = Release|Any CPU
		{14B19393-C9FF-4576-AEB5-3018497A352F}.Release|Any CPU.Deploy.0 = Release|Any CPU
		{14B19393-C9FF-4576-AEB5-3018497A352F}.Release|iPhone.ActiveCfg = Release|Any CPU
		{14B19393-C9FF-4576-AEB5-3018497A352F}.Release|iPhone.Build.0 = Release|Any CPU
		{14B19393-C9FF-4576-AEB5-3018497A352F}.Release|iPhone.Deploy.0 = Release|Any CPU
		{14B19393-C9FF-4576-AEB5-3018497A352F}.Release|iPhoneSimulator.ActiveCfg = Release|Any CPU
		{14B19393-C9FF-4576-AEB5-3018497A352F}.Release|iPhoneSimulator.Build.0 = Release|Any CPU
		{14B19393-C9FF-4576-AEB5-3018497A352F}.Release|iPhoneSimulator.Deploy.0 = Release|Any CPU
		{6829B5C2-63FE-478E-9A92-9AA9A1FC2F6A}.Debug|Any CPU.ActiveCfg = Debug|iPhone
		{6829B5C2-63FE-478E-9A92-9AA9A1FC2F6A}.Debug|iPhone.ActiveCfg = Debug|iPhone
		{6829B5C2-63FE-478E-9A92-9AA9A1FC2F6A}.Debug|iPhone.Build.0 = Debug|iPhone
		{6829B5C2-63FE-478E-9A92-9AA9A1FC2F6A}.Debug|iPhoneSimulator.ActiveCfg = Debug|iPhoneSimulator
		{6829B5C2-63FE-478E-9A92-9AA9A1FC2F6A}.Debug|iPhoneSimulator.Build.0 = Debug|iPhoneSimulator
		{6829B5C2-63FE-478E-9A92-9AA9A1FC2F6A}.Release|Any CPU.ActiveCfg = Release|iPhone
		{6829B5C2-63FE-478E-9A92-9AA9A1FC2F6A}.Release|iPhone.ActiveCfg = Release|iPhone
		{6829B5C2-63FE-478E-9A92-9AA9A1FC2F6A}.Release|iPhone.Build.0 = Release|iPhone
		{6829B5C2-63FE-478E-9A92-9AA9A1FC2F6A}.Release|iPhoneSimulator.ActiveCfg = Release|iPhoneSimulator
		{6829B5C2-63FE-478E-9A92-9AA9A1FC2F6A}.Release|iPhoneSimulator.Build.0 = Release|iPhoneSimulator
		{2A60DC4D-E815-4B76-BF9C-0ED6EFD001C2}.Debug|Any CPU.ActiveCfg = Debug|Any CPU
		{2A60DC4D-E815-4B76-BF9C-0ED6EFD001C2}.Debug|Any CPU.Build.0 = Debug|Any CPU
		{2A60DC4D-E815-4B76-BF9C-0ED6EFD001C2}.Debug|iPhone.ActiveCfg = Debug|Any CPU
		{2A60DC4D-E815-4B76-BF9C-0ED6EFD001C2}.Debug|iPhone.Build.0 = Debug|Any CPU
		{2A60DC4D-E815-4B76-BF9C-0ED6EFD001C2}.Debug|iPhoneSimulator.ActiveCfg = Debug|Any CPU
		{2A60DC4D-E815-4B76-BF9C-0ED6EFD001C2}.Debug|iPhoneSimulator.Build.0 = Debug|Any CPU
		{2A60DC4D-E815-4B76-BF9C-0ED6EFD001C2}.Release|Any CPU.ActiveCfg = Release|Any CPU
		{2A60DC4D-E815-4B76-BF9C-0ED6EFD001C2}.Release|Any CPU.Build.0 = Release|Any CPU
		{2A60DC4D-E815-4B76-BF9C-0ED6EFD001C2}.Release|iPhone.ActiveCfg = Release|Any CPU
		{2A60DC4D-E815-4B76-BF9C-0ED6EFD001C2}.Release|iPhone.Build.0 = Release|Any CPU
		{2A60DC4D-E815-4B76-BF9C-0ED6EFD001C2}.Release|iPhoneSimulator.ActiveCfg = Release|Any CPU
		{2A60DC4D-E815-4B76-BF9C-0ED6EFD001C2}.Release|iPhoneSimulator.Build.0 = Release|Any CPU
	EndGlobalSection
	GlobalSection(SolutionProperties) = preSolution
		HideSolutionNode = FALSE
	EndGlobalSection
	GlobalSection(ExtensibilityGlobals) = postSolution
		SolutionGuid = {A64FF474-1261-4C8C-A164-0D8C75234204}
	EndGlobalSection
EndGlobal
